// !$*UTF8*$!
{
	archiveVersion = 1;
	classes = {
	};
	objectVersion = 46;
	objects = {

/* Begin PBXBuildFile section */
		7FFC8B7319E22276005CFCC1 /* Foundation.framework in Frameworks */ = {isa = PBXBuildFile; fileRef = 7FFC8B7219E22276005CFCC1 /* Foundation.framework */; };
		7FFC8B7519E22276005CFCC1 /* CoreGraphics.framework in Frameworks */ = {isa = PBXBuildFile; fileRef = 7FFC8B7419E22276005CFCC1 /* CoreGraphics.framework */; };
		7FFC8B7719E22276005CFCC1 /* UIKit.framework in Frameworks */ = {isa = PBXBuildFile; fileRef = 7FFC8B7619E22276005CFCC1 /* UIKit.framework */; };
		7FFC8B7D19E22276005CFCC1 /* InfoPlist.strings in Resources */ = {isa = PBXBuildFile; fileRef = 7FFC8B7B19E22276005CFCC1 /* InfoPlist.strings */; };
		7FFC8B7F19E22276005CFCC1 /* main.m in Sources */ = {isa = PBXBuildFile; fileRef = 7FFC8B7E19E22276005CFCC1 /* main.m */; };
		7FFC8B8319E22276005CFCC1 /* AppDelegate.m in Sources */ = {isa = PBXBuildFile; fileRef = 7FFC8B8219E22276005CFCC1 /* AppDelegate.m */; };
		7FFC8B8519E22276005CFCC1 /* Images.xcassets in Resources */ = {isa = PBXBuildFile; fileRef = 7FFC8B8419E22276005CFCC1 /* Images.xcassets */; };
		7FFC8B8C19E22276005CFCC1 /* XCTest.framework in Frameworks */ = {isa = PBXBuildFile; fileRef = 7FFC8B8B19E22276005CFCC1 /* XCTest.framework */; };
		7FFC8B8D19E22276005CFCC1 /* Foundation.framework in Frameworks */ = {isa = PBXBuildFile; fileRef = 7FFC8B7219E22276005CFCC1 /* Foundation.framework */; };
		7FFC8B8E19E22276005CFCC1 /* UIKit.framework in Frameworks */ = {isa = PBXBuildFile; fileRef = 7FFC8B7619E22276005CFCC1 /* UIKit.framework */; };
		7FFC8B9619E22276005CFCC1 /* InfoPlist.strings in Resources */ = {isa = PBXBuildFile; fileRef = 7FFC8B9419E22276005CFCC1 /* InfoPlist.strings */; };
		7FFC8B9819E22276005CFCC1 /* GestureLockTests.m in Sources */ = {isa = PBXBuildFile; fileRef = 7FFC8B9719E22276005CFCC1 /* GestureLockTests.m */; };
		7FFC8BA419E222F4005CFCC1 /* GLViewController.m in Sources */ = {isa = PBXBuildFile; fileRef = 7FFC8BA319E222F4005CFCC1 /* GLViewController.m */; };
		7FFC8BA719E223EA005CFCC1 /* GLLockView.m in Sources */ = {isa = PBXBuildFile; fileRef = 7FFC8BA619E223EA005CFCC1 /* GLLockView.m */; };
		7FFC8BAA19E22406005CFCC1 /* GLLockButton.m in Sources */ = {isa = PBXBuildFile; fileRef = 7FFC8BA919E22406005CFCC1 /* GLLockButton.m */; };
/* End PBXBuildFile section */

/* Begin PBXContainerItemProxy section */
		7FFC8B8F19E22276005CFCC1 /* PBXContainerItemProxy */ = {
			isa = PBXContainerItemProxy;
			containerPortal = 7FFC8B6719E22276005CFCC1 /* Project object */;
			proxyType = 1;
			remoteGlobalIDString = 7FFC8B6E19E22276005CFCC1;
			remoteInfo = GestureLock;
		};
/* End PBXContainerItemProxy section */

/* Begin PBXFileReference section */
		7FFC8B6F19E22276005CFCC1 /* GestureLock.app */ = {isa = PBXFileReference; explicitFileType = wrapper.application; includeInIndex = 0; path = GestureLock.app; sourceTree = BUILT_PRODUCTS_DIR; };
		7FFC8B7219E22276005CFCC1 /* Foundation.framework */ = {isa = PBXFileReference; lastKnownFileType = wrapper.framework; name = Foundation.framework; path = System/Library/Frameworks/Foundation.framework; sourceTree = SDKROOT; };
		7FFC8B7419E22276005CFCC1 /* CoreGraphics.framework */ = {isa = PBXFileReference; lastKnownFileType = wrapper.framework; name = CoreGraphics.framework; path = System/Library/Frameworks/CoreGraphics.framework; sourceTree = SDKROOT; };
		7FFC8B7619E22276005CFCC1 /* UIKit.framework */ = {isa = PBXFileReference; lastKnownFileType = wrapper.framework; name = UIKit.framework; path = System/Library/Frameworks/UIKit.framework; sourceTree = SDKROOT; };
		7FFC8B7A19E22276005CFCC1 /* GestureLock-Info.plist */ = {isa = PBXFileReference; lastKnownFileType = text.plist.xml; path = "GestureLock-Info.plist"; sourceTree = "<group>"; };
		7FFC8B7C19E22276005CFCC1 /* en */ = {isa = PBXFileReference; lastKnownFileType = text.plist.strings; name = en; path = en.lproj/InfoPlist.strings; sourceTree = "<group>"; };
		7FFC8B7E19E22276005CFCC1 /* main.m */ = {isa = PBXFileReference; lastKnownFileType = sourcecode.c.objc; path = main.m; sourceTree = "<group>"; };
		7FFC8B8019E22276005CFCC1 /* GestureLock-Prefix.pch */ = {isa = PBXFileReference; lastKnownFileType = sourcecode.c.h; path = "GestureLock-Prefix.pch"; sourceTree = "<group>"; };
		7FFC8B8119E22276005CFCC1 /* AppDelegate.h */ = {isa = PBXFileReference; lastKnownFileType = sourcecode.c.h; path = AppDelegate.h; sourceTree = "<group>"; };
		7FFC8B8219E22276005CFCC1 /* AppDelegate.m */ = {isa = PBXFileReference; lastKnownFileType = sourcecode.c.objc; path = AppDelegate.m; sourceTree = "<group>"; };
		7FFC8B8419E22276005CFCC1 /* Images.xcassets */ = {isa = PBXFileReference; lastKnownFileType = folder.assetcatalog; path = Images.xcassets; sourceTree = "<group>"; };
		7FFC8B8A19E22276005CFCC1 /* GestureLockTests.xctest */ = {isa = PBXFileReference; explicitFileType = wrapper.cfbundle; includeInIndex = 0; path = GestureLockTests.xctest; sourceTree = BUILT_PRODUCTS_DIR; };
		7FFC8B8B19E22276005CFCC1 /* XCTest.framework */ = {isa = PBXFileReference; lastKnownFileType = wrapper.framework; name = XCTest.framework; path = Library/Frameworks/XCTest.framework; sourceTree = DEVELOPER_DIR; };
		7FFC8B9319E22276005CFCC1 /* GestureLockTests-Info.plist */ = {isa = PBXFileReference; lastKnownFileType = text.plist.xml; path = "GestureLockTests-Info.plist"; sourceTree = "<group>"; };
		7FFC8B9519E22276005CFCC1 /* en */ = {isa = PBXFileReference; lastKnownFileType = text.plist.strings; name = en; path = en.lproj/InfoPlist.strings; sourceTree = "<group>"; };
		7FFC8B9719E22276005CFCC1 /* GestureLockTests.m */ = {isa = PBXFileReference; lastKnownFileType = sourcecode.c.objc; path = GestureLockTests.m; sourceTree = "<group>"; };
		7FFC8BA219E222F4005CFCC1 /* GLViewController.h */ = {isa = PBXFileReference; fileEncoding = 4; lastKnownFileType = sourcecode.c.h; path = GLViewController.h; sourceTree = "<group>"; };
		7FFC8BA319E222F4005CFCC1 /* GLViewController.m */ = {isa = PBXFileReference; fileEncoding = 4; lastKnownFileType = sourcecode.c.objc; path = GLViewController.m; sourceTree = "<group>"; };
		7FFC8BA519E223EA005CFCC1 /* GLLockView.h */ = {isa = PBXFileReference; fileEncoding = 4; lastKnownFileType = sourcecode.c.h; path = GLLockView.h; sourceTree = "<group>"; };
		7FFC8BA619E223EA005CFCC1 /* GLLockView.m */ = {isa = PBXFileReference; fileEncoding = 4; lastKnownFileType = sourcecode.c.objc; path = GLLockView.m; sourceTree = "<group>"; };
		7FFC8BA819E22406005CFCC1 /* GLLockButton.h */ = {isa = PBXFileReference; fileEncoding = 4; lastKnownFileType = sourcecode.c.h; name = GLLockButton.h; path = ../GLLockButton.h; sourceTree = "<group>"; };
		7FFC8BA919E22406005CFCC1 /* GLLockButton.m */ = {isa = PBXFileReference; fileEncoding = 4; lastKnownFileType = sourcecode.c.objc; name = GLLockButton.m; path = ../GLLockButton.m; sourceTree = "<group>"; };
/* End PBXFileReference section */

/* Begin PBXFrameworksBuildPhase section */
		7FFC8B6C19E22276005CFCC1 /* Frameworks */ = {
			isa = PBXFrameworksBuildPhase;
			buildActionMask = 2147483647;
			files = (
				7FFC8B7519E22276005CFCC1 /* CoreGraphics.framework in Frameworks */,
				7FFC8B7719E22276005CFCC1 /* UIKit.framework in Frameworks */,
				7FFC8B7319E22276005CFCC1 /* Foundation.framework in Frameworks */,
			);
			runOnlyForDeploymentPostprocessing = 0;
		};
		7FFC8B8719E22276005CFCC1 /* Frameworks */ = {
			isa = PBXFrameworksBuildPhase;
			buildActionMask = 2147483647;
			files = (
				7FFC8B8C19E22276005CFCC1 /* XCTest.framework in Frameworks */,
				7FFC8B8E19E22276005CFCC1 /* UIKit.framework in Frameworks */,
				7FFC8B8D19E22276005CFCC1 /* Foundation.framework in Frameworks */,
			);
			runOnlyForDeploymentPostprocessing = 0;
		};
/* End PBXFrameworksBuildPhase section */

/* Begin PBXGroup section */
		7FFC8B6619E22276005CFCC1 = {
			isa = PBXGroup;
			children = (
				7FFC8B7819E22276005CFCC1 /* GestureLock */,
				7FFC8B9119E22276005CFCC1 /* GestureLockTests */,
				7FFC8B7119E22276005CFCC1 /* Frameworks */,
				7FFC8B7019E22276005CFCC1 /* Products */,
			);
			sourceTree = "<group>";
		};
		7FFC8B7019E22276005CFCC1 /* Products */ = {
			isa = PBXGroup;
			children = (
				7FFC8B6F19E22276005CFCC1 /* GestureLock.app */,
				7FFC8B8A19E22276005CFCC1 /* GestureLockTests.xctest */,
			);
			name = Products;
			sourceTree = "<group>";
		};
		7FFC8B7119E22276005CFCC1 /* Frameworks */ = {
			isa = PBXGroup;
			children = (
				7FFC8B7219E22276005CFCC1 /* Foundation.framework */,
				7FFC8B7419E22276005CFCC1 /* CoreGraphics.framework */,
				7FFC8B7619E22276005CFCC1 /* UIKit.framework */,
				7FFC8B8B19E22276005CFCC1 /* XCTest.framework */,
			);
			name = Frameworks;
			sourceTree = "<group>";
		};
		7FFC8B7819E22276005CFCC1 /* GestureLock */ = {
			isa = PBXGroup;
			children = (
				7FFC8BA119E22296005CFCC1 /* GestureLock */,
				7FFC8B8119E22276005CFCC1 /* AppDelegate.h */,
				7FFC8B8219E22276005CFCC1 /* AppDelegate.m */,
				7FFC8BA219E222F4005CFCC1 /* GLViewController.h */,
				7FFC8BA319E222F4005CFCC1 /* GLViewController.m */,
				7FFC8B8419E22276005CFCC1 /* Images.xcassets */,
				7FFC8B7919E22276005CFCC1 /* Supporting Files */,
			);
			path = GestureLock;
			sourceTree = "<group>";
		};
		7FFC8B7919E22276005CFCC1 /* Supporting Files */ = {
			isa = PBXGroup;
			children = (
				7FFC8B7A19E22276005CFCC1 /* GestureLock-Info.plist */,
				7FFC8B7B19E22276005CFCC1 /* InfoPlist.strings */,
				7FFC8B7E19E22276005CFCC1 /* main.m */,
				7FFC8B8019E22276005CFCC1 /* GestureLock-Prefix.pch */,
			);
			name = "Supporting Files";
			sourceTree = "<group>";
		};
		7FFC8B9119E22276005CFCC1 /* GestureLockTests */ = {
			isa = PBXGroup;
			children = (
				7FFC8B9719E22276005CFCC1 /* GestureLockTests.m */,
				7FFC8B9219E22276005CFCC1 /* Supporting Files */,
			);
			path = GestureLockTests;
			sourceTree = "<group>";
		};
		7FFC8B9219E22276005CFCC1 /* Supporting Files */ = {
			isa = PBXGroup;
			children = (
				7FFC8B9319E22276005CFCC1 /* GestureLockTests-Info.plist */,
				7FFC8B9419E22276005CFCC1 /* InfoPlist.strings */,
			);
			name = "Supporting Files";
			sourceTree = "<group>";
		};
		7FFC8BA119E22296005CFCC1 /* GestureLock */ = {
			isa = PBXGroup;
			children = (
				7FFC8BA819E22406005CFCC1 /* GLLockButton.h */,
				7FFC8BA919E22406005CFCC1 /* GLLockButton.m */,
				7FFC8BA519E223EA005CFCC1 /* GLLockView.h */,
				7FFC8BA619E223EA005CFCC1 /* GLLockView.m */,
			);
			name = GestureLock;
			sourceTree = "<group>";
		};
/* End PBXGroup section */

/* Begin PBXNativeTarget section */
		7FFC8B6E19E22276005CFCC1 /* GestureLock */ = {
			isa = PBXNativeTarget;
			buildConfigurationList = 7FFC8B9B19E22276005CFCC1 /* Build configuration list for PBXNativeTarget "GestureLock" */;
			buildPhases = (
				7FFC8B6B19E22276005CFCC1 /* Sources */,
				7FFC8B6C19E22276005CFCC1 /* Frameworks */,
				7FFC8B6D19E22276005CFCC1 /* Resources */,
			);
			buildRules = (
			);
			dependencies = (
			);
			name = GestureLock;
			productName = GestureLock;
			productReference = 7FFC8B6F19E22276005CFCC1 /* GestureLock.app */;
			productType = "com.apple.product-type.application";
		};
		7FFC8B8919E22276005CFCC1 /* GestureLockTests */ = {
			isa = PBXNativeTarget;
			buildConfigurationList = 7FFC8B9E19E22276005CFCC1 /* Build configuration list for PBXNativeTarget "GestureLockTests" */;
			buildPhases = (
				7FFC8B8619E22276005CFCC1 /* Sources */,
				7FFC8B8719E22276005CFCC1 /* Frameworks */,
				7FFC8B8819E22276005CFCC1 /* Resources */,
			);
			buildRules = (
			);
			dependencies = (
				7FFC8B9019E22276005CFCC1 /* PBXTargetDependency */,
			);
			name = GestureLockTests;
			productName = GestureLockTests;
			productReference = 7FFC8B8A19E22276005CFCC1 /* GestureLockTests.xctest */;
			productType = "com.apple.product-type.bundle.unit-test";
		};
/* End PBXNativeTarget section */

/* Begin PBXProject section */
		7FFC8B6719E22276005CFCC1 /* Project object */ = {
			isa = PBXProject;
			attributes = {
				LastUpgradeCheck = 0510;
				ORGANIZATIONNAME = "最美应用";
				TargetAttributes = {
					7FFC8B8919E22276005CFCC1 = {
						TestTargetID = 7FFC8B6E19E22276005CFCC1;
					};
				};
			};
			buildConfigurationList = 7FFC8B6A19E22276005CFCC1 /* Build configuration list for PBXProject "GestureLock" */;
			compatibilityVersion = "Xcode 3.2";
			developmentRegion = English;
			hasScannedForEncodings = 0;
			knownRegions = (
				en,
			);
			mainGroup = 7FFC8B6619E22276005CFCC1;
			productRefGroup = 7FFC8B7019E22276005CFCC1 /* Products */;
			projectDirPath = "";
			projectRoot = "";
			targets = (
				7FFC8B6E19E22276005CFCC1 /* GestureLock */,
				7FFC8B8919E22276005CFCC1 /* GestureLockTests */,
			);
		};
/* End PBXProject section */

/* Begin PBXResourcesBuildPhase section */
		7FFC8B6D19E22276005CFCC1 /* Resources */ = {
			isa = PBXResourcesBuildPhase;
			buildActionMask = 2147483647;
			files = (
				7FFC8B7D19E22276005CFCC1 /* InfoPlist.strings in Resources */,
				7FFC8B8519E22276005CFCC1 /* Images.xcassets in Resources */,
			);
			runOnlyForDeploymentPostprocessing = 0;
		};
		7FFC8B8819E22276005CFCC1 /* Resources */ = {
			isa = PBXResourcesBuildPhase;
			buildActionMask = 2147483647;
			files = (
				7FFC8B9619E22276005CFCC1 /* InfoPlist.strings in Resources */,
			);
			runOnlyForDeploymentPostprocessing = 0;
		};
/* End PBXResourcesBuildPhase section */

/* Begin PBXSourcesBuildPhase section */
		7FFC8B6B19E22276005CFCC1 /* Sources */ = {
			isa = PBXSourcesBuildPhase;
			buildActionMask = 2147483647;
			files = (
				7FFC8B8319E22276005CFCC1 /* AppDelegate.m in Sources */,
				7FFC8BA419E222F4005CFCC1 /* GLViewController.m in Sources */,
				7FFC8BA719E223EA005CFCC1 /* GLLockView.m in Sources */,
				7FFC8BAA19E22406005CFCC1 /* GLLockButton.m in Sources */,
				7FFC8B7F19E22276005CFCC1 /* main.m in Sources */,
			);
			runOnlyForDeploymentPostprocessing = 0;
		};
		7FFC8B8619E22276005CFCC1 /* Sources */ = {
			isa = PBXSourcesBuildPhase;
			buildActionMask = 2147483647;
			files = (
				7FFC8B9819E22276005CFCC1 /* GestureLockTests.m in Sources */,
			);
			runOnlyForDeploymentPostprocessing = 0;
		};
/* End PBXSourcesBuildPhase section */

/* Begin PBXTargetDependency section */
		7FFC8B9019E22276005CFCC1 /* PBXTargetDependency */ = {
			isa = PBXTargetDependency;
			target = 7FFC8B6E19E22276005CFCC1 /* GestureLock */;
			targetProxy = 7FFC8B8F19E22276005CFCC1 /* PBXContainerItemProxy */;
		};
/* End PBXTargetDependency section */

/* Begin PBXVariantGroup section */
		7FFC8B7B19E22276005CFCC1 /* InfoPlist.strings */ = {
			isa = PBXVariantGroup;
			children = (
				7FFC8B7C19E22276005CFCC1 /* en */,
			);
			name = InfoPlist.strings;
			sourceTree = "<group>";
		};
		7FFC8B9419E22276005CFCC1 /* InfoPlist.strings */ = {
			isa = PBXVariantGroup;
			children = (
				7FFC8B9519E22276005CFCC1 /* en */,
			);
			name = InfoPlist.strings;
			sourceTree = "<group>";
		};
/* End PBXVariantGroup section */

/* Begin XCBuildConfiguration section */
		7FFC8B9919E22276005CFCC1 /* Debug */ = {
			isa = XCBuildConfiguration;
			buildSettings = {
				ALWAYS_SEARCH_USER_PATHS = NO;
				CLANG_CXX_LANGUAGE_STANDARD = "gnu++0x";
				CLANG_CXX_LIBRARY = "libc++";
				CLANG_ENABLE_MODULES = YES;
				CLANG_ENABLE_OBJC_ARC = YES;
				CLANG_WARN_BOOL_CONVERSION = YES;
				CLANG_WARN_CONSTANT_CONVERSION = YES;
				CLANG_WARN_DIRECT_OBJC_ISA_USAGE = YES_ERROR;
				CLANG_WARN_EMPTY_BODY = YES;
				CLANG_WARN_ENUM_CONVERSION = YES;
				CLANG_WARN_INT_CONVERSION = YES;
				CLANG_WARN_OBJC_ROOT_CLASS = YES_ERROR;
				CLANG_WARN__DUPLICATE_METHOD_MATCH = YES;
				"CODE_SIGN_IDENTITY[sdk=iphoneos*]" = "iPhone Developer";
				COPY_PHASE_STRIP = NO;
				GCC_C_LANGUAGE_STANDARD = gnu99;
				GCC_DYNAMIC_NO_PIC = NO;
				GCC_OPTIMIZATION_LEVEL = 0;
				GCC_PREPROCESSOR_DEFINITIONS = (
					"DEBUG=1",
					"$(inherited)",
				);
				GCC_SYMBOLS_PRIVATE_EXTERN = NO;
				GCC_WARN_64_TO_32_BIT_CONVERSION = YES;
				GCC_WARN_ABOUT_RETURN_TYPE = YES_ERROR;
				GCC_WARN_UNDECLARED_SELECTOR = YES;
				GCC_WARN_UNINITIALIZED_AUTOS = YES_AGGRESSIVE;
				GCC_WARN_UNUSED_FUNCTION = YES;
				GCC_WARN_UNUSED_VARIABLE = YES;
				IPHONEOS_DEPLOYMENT_TARGET = 7.1;
				ONLY_ACTIVE_ARCH = YES;
				SDKROOT = iphoneos;
			};
			name = Debug;
		};
		7FFC8B9A19E22276005CFCC1 /* Release */ = {
			isa = XCBuildConfiguration;
			buildSettings = {
				ALWAYS_SEARCH_USER_PATHS = NO;
				CLANG_CXX_LANGUAGE_STANDARD = "gnu++0x";
				CLANG_CXX_LIBRARY = "libc++";
				CLANG_ENABLE_MODULES = YES;
				CLANG_ENABLE_OBJC_ARC = YES;
				CLANG_WARN_BOOL_CONVERSION = YES;
				CLANG_WARN_CONSTANT_CONVERSION = YES;
				CLANG_WARN_DIRECT_OBJC_ISA_USAGE = YES_ERROR;
				CLANG_WARN_EMPTY_BODY = YES;
				CLANG_WARN_ENUM_CONVERSION = YES;
				CLANG_WARN_INT_CONVERSION = YES;
				CLANG_WARN_OBJC_ROOT_CLASS = YES_ERROR;
				CLANG_WARN__DUPLICATE_METHOD_MATCH = YES;
				"CODE_SIGN_IDENTITY[sdk=iphoneos*]" = "iPhone Developer";
				COPY_PHASE_STRIP = YES;
				ENABLE_NS_ASSERTIONS = NO;
				GCC_C_LANGUAGE_STANDARD = gnu99;
				GCC_WARN_64_TO_32_BIT_CONVERSION = YES;
				GCC_WARN_ABOUT_RETURN_TYPE = YES_ERROR;
				GCC_WARN_UNDECLARED_SELECTOR = YES;
				GCC_WARN_UNINITIALIZED_AUTOS = YES_AGGRESSIVE;
				GCC_WARN_UNUSED_FUNCTION = YES;
				GCC_WARN_UNUSED_VARIABLE = YES;
				IPHONEOS_DEPLOYMENT_TARGET = 7.1;
				SDKROOT = iphoneos;
				VALIDATE_PRODUCT = YES;
			};
			name = Release;
		};
		7FFC8B9C19E22276005CFCC1 /* Debug */ = {
			isa = XCBuildConfiguration;
			buildSettings = {
				ASSETCATALOG_COMPILER_APPICON_NAME = AppIcon;
				ASSETCATALOG_COMPILER_LAUNCHIMAGE_NAME = LaunchImage;
				GCC_PRECOMPILE_PREFIX_HEADER = YES;
				GCC_PREFIX_HEADER = "GestureLock/GestureLock-Prefix.pch";
				INFOPLIST_FILE = "GestureLock/GestureLock-Info.plist";
				PRODUCT_NAME = "$(TARGET_NAME)";
				WRAPPER_EXTENSION = app;
			};
			name = Debug;
		};
		7FFC8B9D19E22276005CFCC1 /* Release */ = {
			isa = XCBuildConfiguration;
			buildSettings = {
				ASSETCATALOG_COMPILER_APPICON_NAME = AppIcon;
				ASSETCATALOG_COMPILER_LAUNCHIMAGE_NAME = LaunchImage;
				GCC_PRECOMPILE_PREFIX_HEADER = YES;
				GCC_PREFIX_HEADER = "GestureLock/GestureLock-Prefix.pch";
				INFOPLIST_FILE = "GestureLock/GestureLock-Info.plist";
				PRODUCT_NAME = "$(TARGET_NAME)";
				WRAPPER_EXTENSION = app;
			};
			name = Release;
		};
		7FFC8B9F19E22276005CFCC1 /* Debug */ = {
			isa = XCBuildConfiguration;
			buildSettings = {
				BUNDLE_LOADER = "$(BUILT_PRODUCTS_DIR)/GestureLock.app/GestureLock";
				FRAMEWORK_SEARCH_PATHS = (
					"$(SDKROOT)/Developer/Library/Frameworks",
					"$(inherited)",
					"$(DEVELOPER_FRAMEWORKS_DIR)",
				);
				GCC_PRECOMPILE_PREFIX_HEADER = YES;
				GCC_PREFIX_HEADER = "GestureLock/GestureLock-Prefix.pch";
				GCC_PREPROCESSOR_DEFINITIONS = (
					"DEBUG=1",
					"$(inherited)",
				);
				INFOPLIST_FILE = "GestureLockTests/GestureLockTests-Info.plist";
				PRODUCT_NAME = "$(TARGET_NAME)";
				TEST_HOST = "$(BUNDLE_LOADER)";
				WRAPPER_EXTENSION = xctest;
			};
			name = Debug;
		};
		7FFC8BA019E22276005CFCC1 /* Release */ = {
			isa = XCBuildConfiguration;
			buildSettings = {
				BUNDLE_LOADER = "$(BUILT_PRODUCTS_DIR)/GestureLock.app/GestureLock";
				FRAMEWORK_SEARCH_PATHS = (
					"$(SDKROOT)/Developer/Library/Frameworks",
					"$(inherited)",
					"$(DEVELOPER_FRAMEWORKS_DIR)",
				);
				GCC_PRECOMPILE_PREFIX_HEADER = YES;
				GCC_PREFIX_HEADER = "GestureLock/GestureLock-Prefix.pch";
				INFOPLIST_FILE = "GestureLockTests/GestureLockTests-Info.plist";
				PRODUCT_NAME = "$(TARGET_NAME)";
				TEST_HOST = "$(BUNDLE_LOADER)";
				WRAPPER_EXTENSION = xctest;
			};
			name = Release;
		};
/* End XCBuildConfiguration section */

/* Begin XCConfigurationList section */
		7FFC8B6A19E22276005CFCC1 /* Build configuration list for PBXProject "GestureLock" */ = {
			isa = XCConfigurationList;
			buildConfigurations = (
				7FFC8B9919E22276005CFCC1 /* Debug */,
				7FFC8B9A19E22276005CFCC1 /* Release */,
			);
			defaultConfigurationIsVisible = 0;
			defaultConfigurationName = Release;
		};
		7FFC8B9B19E22276005CFCC1 /* Build configuration list for PBXNativeTarget "GestureLock" */ = {
			isa = XCConfigurationList;
			buildConfigurations = (
				7FFC8B9C19E22276005CFCC1 /* Debug */,
				7FFC8B9D19E22276005CFCC1 /* Release */,
			);
			defaultConfigurationIsVisible = 0;
		};
		7FFC8B9E19E22276005CFCC1 /* Build configuration list for PBXNativeTarget "GestureLockTests" */ = {
			isa = XCConfigurationList;
			buildConfigurations = (
				7FFC8B9F19E22276005CFCC1 /* Debug */,
				7FFC8BA019E22276005CFCC1 /* Release */,
			);
			defaultConfigurationIsVisible = 0;
		};
/* End XCConfigurationList section */
	};
	rootObject = 7FFC8B6719E22276005CFCC1 /* Project object */;
}
